
Microsoft Visual Studio Solution File, Format Version 12.00
# Visual Studio Version 17
VisualStudioVersion = 17.0.31903.59
MinimumVisualStudioVersion = 10.0.40219.1
Project("{2150E333-8FDC-42A3-9474-1A3956D46DE8}") = "src", "src", "{02EA681E-C7D8-13C7-8484-4AC65E1B71E8}"
EndProject
Project("{FAE04EC0-301F-11D3-BF4B-00C04F79EFBC}") = "API", "src\API\API.csproj", "{F50F591A-17FE-46DE-BD6A-33659A765A0C}"
EndProject
Project("{FAE04EC0-301F-11D3-BF4B-00C04F79EFBC}") = "Application", "src\Application\Application.csproj", "{03DCFF6F-DD76-4135-90C2-B78F5C7C4AAC}"
EndProject
Project("{FAE04EC0-301F-11D3-BF4B-00C04F79EFBC}") = "Domain", "src\Domain\Domain.csproj", "{244E38DB-D44C-47E5-9C32-A2323EF94CA2}"
EndProject
Project("{FAE04EC0-301F-11D3-BF4B-00C04F79EFBC}") = "Infrastructure", "src\Infrastructure\Infrastructure.csproj", "{12530F6E-480F-4005-B8F8-4026F14A8A73}"
EndProject
Global
	GlobalSection(SolutionConfigurationPlatforms) = preSolution
		Debug|Any CPU = Debug|Any CPU
		Release|Any CPU = Release|Any CPU
	EndGlobalSection
	GlobalSection(ProjectConfigurationPlatforms) = postSolution
		{F50F591A-17FE-46DE-BD6A-33659A765A0C}.Debug|Any CPU.ActiveCfg = Debug|Any CPU
		{F50F591A-17FE-46DE-BD6A-33659A765A0C}.Debug|Any CPU.Build.0 = Debug|Any CPU
		{F50F591A-17FE-46DE-BD6A-33659A765A0C}.Release|Any CPU.ActiveCfg = Release|Any CPU
		{F50F591A-17FE-46DE-BD6A-33659A765A0C}.Release|Any CPU.Build.0 = Release|Any CPU
		{03DCFF6F-DD76-4135-90C2-B78F5C7C4AAC}.Debug|Any CPU.ActiveCfg = Debug|Any CPU
		{03DCFF6F-DD76-4135-90C2-B78F5C7C4AAC}.Debug|Any CPU.Build.0 = Debug|Any CPU
		{03DCFF6F-DD76-4135-90C2-B78F5C7C4AAC}.Release|Any CPU.ActiveCfg = Release|Any CPU
		{03DCFF6F-DD76-4135-90C2-B78F5C7C4AAC}.Release|Any CPU.Build.0 = Release|Any CPU
		{244E38DB-D44C-47E5-9C32-A2323EF94CA2}.Debug|Any CPU.ActiveCfg = Debug|Any CPU
		{244E38DB-D44C-47E5-9C32-A2323EF94CA2}.Debug|Any CPU.Build.0 = Debug|Any CPU
		{244E38DB-D44C-47E5-9C32-A2323EF94CA2}.Release|Any CPU.ActiveCfg = Release|Any CPU
		{244E38DB-D44C-47E5-9C32-A2323EF94CA2}.Release|Any CPU.Build.0 = Release|Any CPU
		{12530F6E-480F-4005-B8F8-4026F14A8A73}.Debug|Any CPU.ActiveCfg = Debug|Any CPU
		{12530F6E-480F-4005-B8F8-4026F14A8A73}.Debug|Any CPU.Build.0 = Debug|Any CPU
		{12530F6E-480F-4005-B8F8-4026F14A8A73}.Release|Any CPU.ActiveCfg = Release|Any CPU
		{12530F6E-480F-4005-B8F8-4026F14A8A73}.Release|Any CPU.Build.0 = Release|Any CPU
	EndGlobalSection
	GlobalSection(SolutionProperties) = preSolution
		HideSolutionNode = FALSE
	EndGlobalSection
	GlobalSection(NestedProjects) = preSolution
		{F50F591A-17FE-46DE-BD6A-33659A765A0C} = {02EA681E-C7D8-13C7-8484-4AC65E1B71E8}
		{03DCFF6F-DD76-4135-90C2-B78F5C7C4AAC} = {02EA681E-C7D8-13C7-8484-4AC65E1B71E8}
		{244E38DB-D44C-47E5-9C32-A2323EF94CA2} = {02EA681E-C7D8-13C7-8484-4AC65E1B71E8}
		{12530F6E-480F-4005-B8F8-4026F14A8A73} = {02EA681E-C7D8-13C7-8484-4AC65E1B71E8}
	EndGlobalSection
	GlobalSection(ExtensibilityGlobals) = postSolution
		SolutionGuid = {D3168D4B-A950-4AB7-89DB-AECF274FA421}
	EndGlobalSection
EndGlobal
